// !$*UTF8*$!
{
	archiveVersion = 1;
	classes = {
	};
	objectVersion = 77;
	objects = {

/* Begin PBXBuildFile section */
		A3DE62D12E12EEEE00C9B256 /* Books in Resources */ = {isa = PBXBuildFile; fileRef = A3DE62D02E12EEEE00C9B256 /* Books */; };
/* End PBXBuildFile section */

/* Begin PBXContainerItemProxy section */
		A33299EE2E10471D00689485 /* PBXContainerItemProxy */ = {
			isa = PBXContainerItemProxy;
			containerPortal = A33299D62E10471B00689485 /* Project object */;
			proxyType = 1;
			remoteGlobalIDString = A33299DD2E10471B00689485;
			remoteInfo = reeedy;
		};
		A33299F82E10471D00689485 /* PBXContainerItemProxy */ = {
			isa = PBXContainerItemProxy;
			containerPortal = A33299D62E10471B00689485 /* Project object */;
			proxyType = 1;
			remoteGlobalIDString = A33299DD2E10471B00689485;
			remoteInfo = reeedy;
		};
/* End PBXContainerItemProxy section */

/* Begin PBXFileReference section */
		A33299DE2E10471B00689485 /* reeedy.app */ = {isa = PBXFileReference; explicitFileType = wrapper.application; includeInIndex = 0; path = reeedy.app; sourceTree = BUILT_PRODUCTS_DIR; };
		A33299ED2E10471D00689485 /* reeedyTests.xctest */ = {isa = PBXFileReference; explicitFileType = wrapper.cfbundle; includeInIndex = 0; path = reeedyTests.xctest; sourceTree = BUILT_PRODUCTS_DIR; };
		A33299F72E10471D00689485 /* reeedyUITests.xctest */ = {isa = PBXFileReference; explicitFileType = wrapper.cfbundle; includeInIndex = 0; path = reeedyUITests.xctest; sourceTree = BUILT_PRODUCTS_DIR; };
		A3DE62D02E12EEEE00C9B256 /* Books */ = {isa = PBXFileReference; lastKnownFileType = folder; path = Books; sourceTree = "<group>"; };
/* End PBXFileReference section */

/* Begin PBXFileSystemSynchronizedRootGroup section */
		A33299E02E10471B00689485 /* reeedy */ = {
			isa = PBXFileSystemSynchronizedRootGroup;
			path = reeedy;
			sourceTree = "<group>";
		};
		A33299F02E10471D00689485 /* reeedyTests */ = {
			isa = PBXFileSystemSynchronizedRootGroup;
			path = reeedyTests;
			sourceTree = "<group>";
		};
		A33299FA2E10471D00689485 /* reeedyUITests */ = {
			isa = PBXFileSystemSynchronizedRootGroup;
			path = reeedyUITests;
			sourceTree = "<group>";
		};
		A3DE62CC2E12EEDF00C9B256 /* Books */ = {
			isa = PBXFileSystemSynchronizedRootGroup;
			path = Books;
			sourceTree = "<group>";
		};
/* End PBXFileSystemSynchronizedRootGroup section */

/* Begin PBXFrameworksBuildPhase section */
		A33299DB2E10471B00689485 /* Frameworks */ = {
			isa = PBXFrameworksBuildPhase;
			buildActionMask = 2147483647;
			files = (
			);
			runOnlyForDeploymentPostprocessing = 0;
		};
		A33299EA2E10471D00689485 /* Frameworks */ = {
			isa = PBXFrameworksBuildPhase;
			buildActionMask = 2147483647;
			files = (
			);
			runOnlyForDeploymentPostprocessing = 0;
		};
		A33299F42E10471D00689485 /* Frameworks */ = {
			isa = PBXFrameworksBuildPhase;
			buildActionMask = 2147483647;
			files = (
			);
			runOnlyForDeploymentPostprocessing = 0;
		};
/* End PBXFrameworksBuildPhase section */

/* Begin PBXGroup section */
		A33299D52E10471B00689485 = {
			isa = PBXGroup;
			children = (
				A3DE62D02E12EEEE00C9B256 /* Books */,
				A33299E02E10471B00689485 /* reeedy */,
				A33299F02E10471D00689485 /* reeedyTests */,
				A33299FA2E10471D00689485 /* reeedyUITests */,
				A33299DF2E10471B00689485 /* Products */,
				A3DE62CC2E12EEDF00C9B256 /* Books */,
			);
			sourceTree = "<group>";
		};
		A33299DF2E10471B00689485 /* Products */ = {
			isa = PBXGroup;
			children = (
				A33299DE2E10471B00689485 /* reeedy.app */,
				A33299ED2E10471D00689485 /* reeedyTests.xctest */,
				A33299F72E10471D00689485 /* reeedyUITests.xctest */,
			);
			name = Products;
			sourceTree = "<group>";
		};
/* End PBXGroup section */

/* Begin PBXNativeTarget section */
		A33299DD2E10471B00689485 /* reeedy */ = {
			isa = PBXNativeTarget;
			buildConfigurationList = A3329A012E10471D00689485 /* Build configuration list for PBXNativeTarget "reeedy" */;
			buildPhases = (
				A33299DA2E10471B00689485 /* Sources */,
				A33299DB2E10471B00689485 /* Frameworks */,
				A33299DC2E10471B00689485 /* Resources */,
			);
			buildRules = (
			);
			dependencies = (
			);
			fileSystemSynchronizedGroups = (
				A33299E02E10471B00689485 /* reeedy */,
				A3DE62CC2E12EEDF00C9B256 /* Books */,
			);
			name = reeedy;
			packageProductDependencies = (
			);
			productName = reeedy;
			productReference = A33299DE2E10471B00689485 /* reeedy.app */;
			productType = "com.apple.product-type.application";
		};
		A33299EC2E10471D00689485 /* reeedyTests */ = {
			isa = PBXNativeTarget;
			buildConfigurationList = A3329A042E10471D00689485 /* Build configuration list for PBXNativeTarget "reeedyTests" */;
			buildPhases = (
				A33299E92E10471D00689485 /* Sources */,
				A33299EA2E10471D00689485 /* Frameworks */,
				A33299EB2E10471D00689485 /* Resources */,
			);
			buildRules = (
			);
			dependencies = (
				A33299EF2E10471D00689485 /* PBXTargetDependency */,
			);
			fileSystemSynchronizedGroups = (
				A33299F02E10471D00689485 /* reeedyTests */,
			);
			name = reeedyTests;
			packageProductDependencies = (
			);
			productName = reeedyTests;
			productReference = A33299ED2E10471D00689485 /* reeedyTests.xctest */;
			productType = "com.apple.product-type.bundle.unit-test";
		};
		A33299F62E10471D00689485 /* reeedyUITests */ = {
			isa = PBXNativeTarget;
			buildConfigurationList = A3329A072E10471D00689485 /* Build configuration list for PBXNativeTarget "reeedyUITests" */;
			buildPhases = (
				A33299F32E10471D00689485 /* Sources */,
				A33299F42E10471D00689485 /* Frameworks */,
				A33299F52E10471D00689485 /* Resources */,
			);
			buildRules = (
			);
			dependencies = (
				A33299F92E10471D00689485 /* PBXTargetDependency */,
			);
			fileSystemSynchronizedGroups = (
				A33299FA2E10471D00689485 /* reeedyUITests */,
			);
			name = reeedyUITests;
			packageProductDependencies = (
			);
			productName = reeedyUITests;
			productReference = A33299F72E10471D00689485 /* reeedyUITests.xctest */;
			productType = "com.apple.product-type.bundle.ui-testing";
		};
/* End PBXNativeTarget section */

/* Begin PBXProject section */
		A33299D62E10471B00689485 /* Project object */ = {
			isa = PBXProject;
			attributes = {
				BuildIndependentTargetsInParallel = 1;
				LastSwiftUpdateCheck = 1640;
				LastUpgradeCheck = 1640;
				TargetAttributes = {
					A33299DD2E10471B00689485 = {
						CreatedOnToolsVersion = 16.4;
					};
					A33299EC2E10471D00689485 = {
						CreatedOnToolsVersion = 16.4;
						TestTargetID = A33299DD2E10471B00689485;
					};
					A33299F62E10471D00689485 = {
						CreatedOnToolsVersion = 16.4;
						TestTargetID = A33299DD2E10471B00689485;
					};
				};
			};
			buildConfigurationList = A33299D92E10471B00689485 /* Build configuration list for PBXProject "reeedy" */;
			developmentRegion = en;
			hasScannedForEncodings = 0;
			knownRegions = (
				en,
				Base,
			);
			mainGroup = A33299D52E10471B00689485;
			minimizedProjectReferenceProxies = 1;
			preferredProjectObjectVersion = 77;
			productRefGroup = A33299DF2E10471B00689485 /* Products */;
			projectDirPath = "";
			projectRoot = "";
			targets = (
				A33299DD2E10471B00689485 /* reeedy */,
				A33299EC2E10471D00689485 /* reeedyTests */,
				A33299F62E10471D00689485 /* reeedyUITests */,
			);
		};
/* End PBXProject section */

/* Begin PBXResourcesBuildPhase section */
		A33299DC2E10471B00689485 /* Resources */ = {
			isa = PBXResourcesBuildPhase;
			buildActionMask = 2147483647;
			files = (
				A3DE62D12E12EEEE00C9B256 /* Books in Resources */,
			);
			runOnlyForDeploymentPostprocessing = 0;
		};
		A33299EB2E10471D00689485 /* Resources */ = {
			isa = PBXResourcesBuildPhase;
			buildActionMask = 2147483647;
			files = (
			);
			runOnlyForDeploymentPostprocessing = 0;
		};
		A33299F52E10471D00689485 /* Resources */ = {
			isa = PBXResourcesBuildPhase;
			buildActionMask = 2147483647;
			files = (
			);
			runOnlyForDeploymentPostprocessing = 0;
		};
/* End PBXResourcesBuildPhase section */

/* Begin PBXSourcesBuildPhase section */
		A33299DA2E10471B00689485 /* Sources */ = {
			isa = PBXSourcesBuildPhase;
			buildActionMask = 2147483647;
			files = (
			);
			runOnlyForDeploymentPostprocessing = 0;
		};
		A33299E92E10471D00689485 /* Sources */ = {
			isa = PBXSourcesBuildPhase;
			buildActionMask = 2147483647;
			files = (
			);
			runOnlyForDeploymentPostprocessing = 0;
		};
		A33299F32E10471D00689485 /* Sources */ = {
			isa = PBXSourcesBuildPhase;
			buildActionMask = 2147483647;
			files = (
			);
			runOnlyForDeploymentPostprocessing = 0;
		};
/* End PBXSourcesBuildPhase section */

/* Begin PBXTargetDependency section */
		A33299EF2E10471D00689485 /* PBXTargetDependency */ = {
			isa = PBXTargetDependency;
			target = A33299DD2E10471B00689485 /* reeedy */;
			targetProxy = A33299EE2E10471D00689485 /* PBXContainerItemProxy */;
		};
		A33299F92E10471D00689485 /* PBXTargetDependency */ = {
			isa = PBXTargetDependency;
			target = A33299DD2E10471B00689485 /* reeedy */;
			targetProxy = A33299F82E10471D00689485 /* PBXContainerItemProxy */;
		};
/* End PBXTargetDependency section */

/* Begin XCBuildConfiguration section */
		A33299FF2E10471D00689485 /* Debug */ = {
			isa = XCBuildConfiguration;
			buildSettings = {
				ALWAYS_SEARCH_USER_PATHS = NO;
				ASSETCATALOG_COMPILER_GENERATE_SWIFT_ASSET_SYMBOL_EXTENSIONS = YES;
				CLANG_ANALYZER_NONNULL = YES;
				CLANG_ANALYZER_NUMBER_OBJECT_CONVERSION = YES_AGGRESSIVE;
				CLANG_CXX_LANGUAGE_STANDARD = "gnu++20";
				CLANG_ENABLE_MODULES = YES;
				CLANG_ENABLE_OBJC_ARC = YES;
				CLANG_ENABLE_OBJC_WEAK = YES;
				CLANG_WARN_BLOCK_CAPTURE_AUTORELEASING = YES;
				CLANG_WARN_BOOL_CONVERSION = YES;
				CLANG_WARN_COMMA = YES;
				CLANG_WARN_CONSTANT_CONVERSION = YES;
				CLANG_WARN_DEPRECATED_OBJC_IMPLEMENTATIONS = YES;
				CLANG_WARN_DIRECT_OBJC_ISA_USAGE = YES_ERROR;
				CLANG_WARN_DOCUMENTATION_COMMENTS = YES;
				CLANG_WARN_EMPTY_BODY = YES;
				CLANG_WARN_ENUM_CONVERSION = YES;
				CLANG_WARN_INFINITE_RECURSION = YES;
				CLANG_WARN_INT_CONVERSION = YES;
				CLANG_WARN_NON_LITERAL_NULL_CONVERSION = YES;
				CLANG_WARN_OBJC_IMPLICIT_RETAIN_SELF = YES;
				CLANG_WARN_OBJC_LITERAL_CONVERSION = YES;
				CLANG_WARN_OBJC_ROOT_CLASS = YES_ERROR;
				CLANG_WARN_QUOTED_INCLUDE_IN_FRAMEWORK_HEADER = YES;
				CLANG_WARN_RANGE_LOOP_ANALYSIS = YES;
				CLANG_WARN_STRICT_PROTOTYPES = YES;
				CLANG_WARN_SUSPICIOUS_MOVE = YES;
				CLANG_WARN_UNGUARDED_AVAILABILITY = YES_AGGRESSIVE;
				CLANG_WARN_UNREACHABLE_CODE = YES;
				CLANG_WARN__DUPLICATE_METHOD_MATCH = YES;
				COPY_PHASE_STRIP = NO;
				DEBUG_INFORMATION_FORMAT = dwarf;
				DEVELOPMENT_TEAM = 57249C654W;
				ENABLE_STRICT_OBJC_MSGSEND = YES;
				ENABLE_TESTABILITY = YES;
				ENABLE_USER_SCRIPT_SANDBOXING = YES;
				GCC_C_LANGUAGE_STANDARD = gnu17;
				GCC_DYNAMIC_NO_PIC = NO;
				GCC_NO_COMMON_BLOCKS = YES;
				GCC_OPTIMIZATION_LEVEL = 0;
				GCC_PREPROCESSOR_DEFINITIONS = (
					"DEBUG=1",
					"$(inherited)",
				);
				GCC_WARN_64_TO_32_BIT_CONVERSION = YES;
				GCC_WARN_ABOUT_RETURN_TYPE = YES_ERROR;
				GCC_WARN_UNDECLARED_SELECTOR = YES;
				GCC_WARN_UNINITIALIZED_AUTOS = YES_AGGRESSIVE;
				GCC_WARN_UNUSED_FUNCTION = YES;
				GCC_WARN_UNUSED_VARIABLE = YES;
				IPHONEOS_DEPLOYMENT_TARGET = 18.5;
				LOCALIZATION_PREFERS_STRING_CATALOGS = YES;
				MTL_ENABLE_DEBUG_INFO = INCLUDE_SOURCE;
				MTL_FAST_MATH = YES;
				ONLY_ACTIVE_ARCH = YES;
				SDKROOT = iphoneos;
				SWIFT_ACTIVE_COMPILATION_CONDITIONS = "DEBUG $(inherited)";
				SWIFT_OPTIMIZATION_LEVEL = "-Onone";
			};
			name = Debug;
		};
		A3329A002E10471D00689485 /* Release */ = {
			isa = XCBuildConfiguration;
			buildSettings = {
				ALWAYS_SEARCH_USER_PATHS = NO;
				ASSETCATALOG_COMPILER_GENERATE_SWIFT_ASSET_SYMBOL_EXTENSIONS = YES;
				CLANG_ANALYZER_NONNULL = YES;
				CLANG_ANALYZER_NUMBER_OBJECT_CONVERSION = YES_AGGRESSIVE;
				CLANG_CXX_LANGUAGE_STANDARD = "gnu++20";
				CLANG_ENABLE_MODULES = YES;
				CLANG_ENABLE_OBJC_ARC = YES;
				CLANG_ENABLE_OBJC_WEAK = YES;
				CLANG_WARN_BLOCK_CAPTURE_AUTORELEASING = YES;
				CLANG_WARN_BOOL_CONVERSION = YES;
				CLANG_WARN_COMMA = YES;
				CLANG_WARN_CONSTANT_CONVERSION = YES;
				CLANG_WARN_DEPRECATED_OBJC_IMPLEMENTATIONS = YES;
				CLANG_WARN_DIRECT_OBJC_ISA_USAGE = YES_ERROR;
				CLANG_WARN_DOCUMENTATION_COMMENTS = YES;
				CLANG_WARN_EMPTY_BODY = YES;
				CLANG_WARN_ENUM_CONVERSION = YES;
				CLANG_WARN_INFINITE_RECURSION = YES;
				CLANG_WARN_INT_CONVERSION = YES;
				CLANG_WARN_NON_LITERAL_NULL_CONVERSION = YES;
				CLANG_WARN_OBJC_IMPLICIT_RETAIN_SELF = YES;
				CLANG_WARN_OBJC_LITERAL_CONVERSION = YES;
				CLANG_WARN_OBJC_ROOT_CLASS = YES_ERROR;
				CLANG_WARN_QUOTED_INCLUDE_IN_FRAMEWORK_HEADER = YES;
				CLANG_WARN_RANGE_LOOP_ANALYSIS = YES;
				CLANG_WARN_STRICT_PROTOTYPES = YES;
				CLANG_WARN_SUSPICIOUS_MOVE = YES;
				CLANG_WARN_UNGUARDED_AVAILABILITY = YES_AGGRESSIVE;
				CLANG_WARN_UNREACHABLE_CODE = YES;
				CLANG_WARN__DUPLICATE_METHOD_MATCH = YES;
				COPY_PHASE_STRIP = NO;
				DEBUG_INFORMATION_FORMAT = "dwarf-with-dsym";
				DEVELOPMENT_TEAM = 57249C654W;
				ENABLE_NS_ASSERTIONS = NO;
				ENABLE_STRICT_OBJC_MSGSEND = YES;
				ENABLE_USER_SCRIPT_SANDBOXING = YES;
				GCC_C_LANGUAGE_STANDARD = gnu17;
				GCC_NO_COMMON_BLOCKS = YES;
				GCC_WARN_64_TO_32_BIT_CONVERSION = YES;
				GCC_WARN_ABOUT_RETURN_TYPE = YES_ERROR;
				GCC_WARN_UNDECLARED_SELECTOR = YES;
				GCC_WARN_UNINITIALIZED_AUTOS = YES_AGGRESSIVE;
				GCC_WARN_UNUSED_FUNCTION = YES;
				GCC_WARN_UNUSED_VARIABLE = YES;
				IPHONEOS_DEPLOYMENT_TARGET = 18.5;
				LOCALIZATION_PREFERS_STRING_CATALOGS = YES;
				MTL_ENABLE_DEBUG_INFO = NO;
				MTL_FAST_MATH = YES;
				SDKROOT = iphoneos;
				SWIFT_COMPILATION_MODE = wholemodule;
				VALIDATE_PRODUCT = YES;
			};
			name = Release;
		};
		A3329A022E10471D00689485 /* Debug */ = {
			isa = XCBuildConfiguration;
			buildSettings = {
				ASSETCATALOG_COMPILER_APPICON_NAME = AppIcon;
				ASSETCATALOG_COMPILER_GLOBAL_ACCENT_COLOR_NAME = AccentColor;
				CODE_SIGN_STYLE = Automatic;
				CURRENT_PROJECT_VERSION = 1;
				DEVELOPMENT_TEAM = 57249C654W;
				ENABLE_PREVIEWS = YES;
				GENERATE_INFOPLIST_FILE = YES;
				INFOPLIST_KEY_LSApplicationCategoryType = "public.app-category.education";
				INFOPLIST_KEY_UIApplicationSceneManifest_Generation = YES;
				INFOPLIST_KEY_UIApplicationSupportsIndirectInputEvents = YES;
				INFOPLIST_KEY_UILaunchScreen_Generation = YES;
				INFOPLIST_KEY_UISupportedInterfaceOrientations_iPad = "UIInterfaceOrientationPortrait UIInterfaceOrientationPortraitUpsideDown UIInterfaceOrientationLandscapeLeft UIInterfaceOrientationLandscapeRight";
				INFOPLIST_KEY_UISupportedInterfaceOrientations_iPhone = "UIInterfaceOrientationPortrait UIInterfaceOrientationLandscapeLeft UIInterfaceOrientationLandscapeRight";
				LD_RUNPATH_SEARCH_PATHS = (
					"$(inherited)",
					"@executable_path/Frameworks",
				);
				LIBRARY_SEARCH_PATHS = (
					"$(inherited)",
					"$(PROJECT_DIR)/reeedy/gentle_setup/venv/lib/python3.13/site-packages/bcrypt",
					"$(PROJECT_DIR)/reeedy/gentle_setup/venv/lib/python3.13/site-packages/cryptography/hazmat/bindings",
					"$(PROJECT_DIR)/reeedy/gentle_setup/venv/lib/python3.9/site-packages/numpy/_core/lib",
					"$(PROJECT_DIR)/reeedy/gentle_setup/venv/lib/python3.9/site-packages/numpy/random/lib",
					"$(PROJECT_DIR)/reeedy/gentle_setup/venv/lib/python3.9/site-packages/torch/lib",
					"$(PROJECT_DIR)/reeedy/gentle_setup/venv/lib/python3.9/site-packages/PIL/.dylibs",
					"$(PROJECT_DIR)/reeedy/gentle_setup/venv/lib/python3.9/site-packages/scipy/.dylibs",
					"$(PROJECT_DIR)/reeedy/gentle_setup/venv/lib/python3.9/site-packages/_soundfile_data",
					"$(PROJECT_DIR)/reeedy/gentle_setup/venv/lib/python3.9/site-packages/av/.dylibs",
					"$(PROJECT_DIR)/reeedy/gentle_setup/venv/lib/python3.9/site-packages/torchaudio/.dylibs",
					"$(PROJECT_DIR)/reeedy/gentle_setup/venv/lib/python3.9/site-packages/ctranslate2/.dylibs",
					"$(PROJECT_DIR)/reeedy/gentle_setup/venv/lib/python3.9/site-packages/google/_upb",
					"$(PROJECT_DIR)/reeedy/gentle_setup/venv/lib/python3.9/site-packages/torchaudio/lib",
					"$(PROJECT_DIR)/reeedy/gentle_setup/venv/lib/python3.9/site-packages/safetensors",
					"$(PROJECT_DIR)/reeedy/gentle_setup/venv/lib/python3.9/site-packages/onnxruntime/capi",
					"$(PROJECT_DIR)/reeedy/gentle_setup/venv/lib/python3.9/site-packages/torio/lib",
					"$(PROJECT_DIR)/reeedy/gentle_setup/venv/lib/python3.9/site-packages/tokenizers",
					"$(PROJECT_DIR)/reeedy/gentle_setup/venv/lib/python3.9/site-packages/sklearn/.dylibs",
					"$(PROJECT_DIR)/reeedy/gentle_setup/venv/lib/python3.9/site-packages/hf_xet",
				);
				MARKETING_VERSION = 1.0;
				PRODUCT_BUNDLE_IDENTIFIER = kiwiinit.reeedy;
				PRODUCT_NAME = "$(TARGET_NAME)";
				SWIFT_EMIT_LOC_STRINGS = YES;
				SWIFT_VERSION = 5.0;
				TARGETED_DEVICE_FAMILY = "1,2";
			};
			name = Debug;
		};
		A3329A032E10471D00689485 /* Release */ = {
			isa = XCBuildConfiguration;
			buildSettings = {
				ASSETCATALOG_COMPILER_APPICON_NAME = AppIcon;
				ASSETCATALOG_COMPILER_GLOBAL_ACCENT_COLOR_NAME = AccentColor;
				CODE_SIGN_STYLE = Automatic;
				CURRENT_PROJECT_VERSION = 1;
				DEVELOPMENT_TEAM = 57249C654W;
				ENABLE_PREVIEWS = YES;
				GENERATE_INFOPLIST_FILE = YES;
				INFOPLIST_KEY_LSApplicationCategoryType = "public.app-category.education";
				INFOPLIST_KEY_UIApplicationSceneManifest_Generation = YES;
				INFOPLIST_KEY_UIApplicationSupportsIndirectInputEvents = YES;
				INFOPLIST_KEY_UILaunchScreen_Generation = YES;
				INFOPLIST_KEY_UISupportedInterfaceOrientations_iPad = "UIInterfaceOrientationPortrait UIInterfaceOrientationPortraitUpsideDown UIInterfaceOrientationLandscapeLeft UIInterfaceOrientationLandscapeRight";
				INFOPLIST_KEY_UISupportedInterfaceOrientations_iPhone = "UIInterfaceOrientationPortrait UIInterfaceOrientationLandscapeLeft UIInterfaceOrientationLandscapeRight";
				LD_RUNPATH_SEARCH_PATHS = (
					"$(inherited)",
					"@executable_path/Frameworks",
				);
				LIBRARY_SEARCH_PATHS = (
					"$(inherited)",
					"$(PROJECT_DIR)/reeedy/gentle_setup/venv/lib/python3.13/site-packages/bcrypt",
					"$(PROJECT_DIR)/reeedy/gentle_setup/venv/lib/python3.13/site-packages/cryptography/hazmat/bindings",
					"$(PROJECT_DIR)/reeedy/gentle_setup/venv/lib/python3.9/site-packages/numpy/_core/lib",
					"$(PROJECT_DIR)/reeedy/gentle_setup/venv/lib/python3.9/site-packages/numpy/random/lib",
					"$(PROJECT_DIR)/reeedy/gentle_setup/venv/lib/python3.9/site-packages/torch/lib",
					"$(PROJECT_DIR)/reeedy/gentle_setup/venv/lib/python3.9/site-packages/PIL/.dylibs",
					"$(PROJECT_DIR)/reeedy/gentle_setup/venv/lib/python3.9/site-packages/scipy/.dylibs",
					"$(PROJECT_DIR)/reeedy/gentle_setup/venv/lib/python3.9/site-packages/_soundfile_data",
					"$(PROJECT_DIR)/reeedy/gentle_setup/venv/lib/python3.9/site-packages/av/.dylibs",
					"$(PROJECT_DIR)/reeedy/gentle_setup/venv/lib/python3.9/site-packages/torchaudio/.dylibs",
					"$(PROJECT_DIR)/reeedy/gentle_setup/venv/lib/python3.9/site-packages/ctranslate2/.dylibs",
					"$(PROJECT_DIR)/reeedy/gentle_setup/venv/lib/python3.9/site-packages/google/_upb",
					"$(PROJECT_DIR)/reeedy/gentle_setup/venv/lib/python3.9/site-packages/torchaudio/lib",
					"$(PROJECT_DIR)/reeedy/gentle_setup/venv/lib/python3.9/site-packages/safetensors",
					"$(PROJECT_DIR)/reeedy/gentle_setup/venv/lib/python3.9/site-packages/onnxruntime/capi",
					"$(PROJECT_DIR)/reeedy/gentle_setup/venv/lib/python3.9/site-packages/torio/lib",
					"$(PROJECT_DIR)/reeedy/gentle_setup/venv/lib/python3.9/site-packages/tokenizers",
					"$(PROJECT_DIR)/reeedy/gentle_setup/venv/lib/python3.9/site-packages/sklearn/.dylibs",
					"$(PROJECT_DIR)/reeedy/gentle_setup/venv/lib/python3.9/site-packages/hf_xet",
				);
				MARKETING_VERSION = 1.0;
				PRODUCT_BUNDLE_IDENTIFIER = kiwiinit.reeedy;
				PRODUCT_NAME = "$(TARGET_NAME)";
				SWIFT_EMIT_LOC_STRINGS = YES;
				SWIFT_VERSION = 5.0;
				TARGETED_DEVICE_FAMILY = "1,2";
			};
			name = Release;
		};
		A3329A052E10471D00689485 /* Debug */ = {
			isa = XCBuildConfiguration;
			buildSettings = {
				BUNDLE_LOADER = "$(TEST_HOST)";
				CODE_SIGN_STYLE = Automatic;
				CURRENT_PROJECT_VERSION = 1;
				DEVELOPMENT_TEAM = 57249C654W;
				GENERATE_INFOPLIST_FILE = YES;
				IPHONEOS_DEPLOYMENT_TARGET = 18.5;
				MARKETING_VERSION = 1.0;
				PRODUCT_BUNDLE_IDENTIFIER = kiwiinit.reeedyTests;
				PRODUCT_NAME = "$(TARGET_NAME)";
				SWIFT_EMIT_LOC_STRINGS = NO;
				SWIFT_VERSION = 5.0;
				TARGETED_DEVICE_FAMILY = "1,2";
				TEST_HOST = "$(BUILT_PRODUCTS_DIR)/reeedy.app/$(BUNDLE_EXECUTABLE_FOLDER_PATH)/reeedy";
			};
			name = Debug;
		};
		A3329A062E10471D00689485 /* Release */ = {
			isa = XCBuildConfiguration;
			buildSettings = {
				BUNDLE_LOADER = "$(TEST_HOST)";
				CODE_SIGN_STYLE = Automatic;
				CURRENT_PROJECT_VERSION = 1;
				DEVELOPMENT_TEAM = 57249C654W;
				GENERATE_INFOPLIST_FILE = YES;
				IPHONEOS_DEPLOYMENT_TARGET = 18.5;
				MARKETING_VERSION = 1.0;
				PRODUCT_BUNDLE_IDENTIFIER = kiwiinit.reeedyTests;
				PRODUCT_NAME = "$(TARGET_NAME)";
				SWIFT_EMIT_LOC_STRINGS = NO;
				SWIFT_VERSION = 5.0;
				TARGETED_DEVICE_FAMILY = "1,2";
				TEST_HOST = "$(BUILT_PRODUCTS_DIR)/reeedy.app/$(BUNDLE_EXECUTABLE_FOLDER_PATH)/reeedy";
			};
			name = Release;
		};
		A3329A082E10471D00689485 /* Debug */ = {
			isa = XCBuildConfiguration;
			buildSettings = {
				CODE_SIGN_STYLE = Automatic;
				CURRENT_PROJECT_VERSION = 1;
				DEVELOPMENT_TEAM = 57249C654W;
				GENERATE_INFOPLIST_FILE = YES;
				MARKETING_VERSION = 1.0;
				PRODUCT_BUNDLE_IDENTIFIER = kiwiinit.reeedyUITests;
				PRODUCT_NAME = "$(TARGET_NAME)";
				SWIFT_EMIT_LOC_STRINGS = NO;
				SWIFT_VERSION = 5.0;
				TARGETED_DEVICE_FAMILY = "1,2";
				TEST_TARGET_NAME = reeedy;
			};
			name = Debug;
		};
		A3329A092E10471D00689485 /* Release */ = {
			isa = XCBuildConfiguration;
			buildSettings = {
				CODE_SIGN_STYLE = Automatic;
				CURRENT_PROJECT_VERSION = 1;
				DEVELOPMENT_TEAM = 57249C654W;
				GENERATE_INFOPLIST_FILE = YES;
				MARKETING_VERSION = 1.0;
				PRODUCT_BUNDLE_IDENTIFIER = kiwiinit.reeedyUITests;
				PRODUCT_NAME = "$(TARGET_NAME)";
				SWIFT_EMIT_LOC_STRINGS = NO;
				SWIFT_VERSION = 5.0;
				TARGETED_DEVICE_FAMILY = "1,2";
				TEST_TARGET_NAME = reeedy;
			};
			name = Release;
		};
/* End XCBuildConfiguration section */

/* Begin XCConfigurationList section */
		A33299D92E10471B00689485 /* Build configuration list for PBXProject "reeedy" */ = {
			isa = XCConfigurationList;
			buildConfigurations = (
				A33299FF2E10471D00689485 /* Debug */,
				A3329A002E10471D00689485 /* Release */,
			);
			defaultConfigurationIsVisible = 0;
			defaultConfigurationName = Release;
		};
		A3329A012E10471D00689485 /* Build configuration list for PBXNativeTarget "reeedy" */ = {
			isa = XCConfigurationList;
			buildConfigurations = (
				A3329A022E10471D00689485 /* Debug */,
				A3329A032E10471D00689485 /* Release */,
			);
			defaultConfigurationIsVisible = 0;
			defaultConfigurationName = Release;
		};
		A3329A042E10471D00689485 /* Build configuration list for PBXNativeTarget "reeedyTests" */ = {
			isa = XCConfigurationList;
			buildConfigurations = (
				A3329A052E10471D00689485 /* Debug */,
				A3329A062E10471D00689485 /* Release */,
			);
			defaultConfigurationIsVisible = 0;
			defaultConfigurationName = Release;
		};
		A3329A072E10471D00689485 /* Build configuration list for PBXNativeTarget "reeedyUITests" */ = {
			isa = XCConfigurationList;
			buildConfigurations = (
				A3329A082E10471D00689485 /* Debug */,
				A3329A092E10471D00689485 /* Release */,
			);
			defaultConfigurationIsVisible = 0;
			defaultConfigurationName = Release;
		};
/* End XCConfigurationList section */
	};
	rootObject = A33299D62E10471B00689485 /* Project object */;
}
